# THIS IS AN AUTOGENERATED FILE. DO NOT EDIT THIS FILE DIRECTLY.
# yarn lockfile v1


lodash@^4.17.5:
  version "4.17.10"
  resolved "https://registry.yarnpkg.com/lodash/-/lodash-4.17.10.tgz#1b7793cf7259ea38fb3661d4d38b3260af8ae4e7"

serverless-iam-roles-per-function@^0.1.5:
  version "0.1.5"
  resolved "https://registry.yarnpkg.com/serverless-iam-roles-per-function/-/serverless-iam-roles-per-function-0.1.5.tgz#75f71a4d21ed4f80e4c788db0f83eef8a996d133"
  dependencies:
    lodash "^4.17.5"
